
Microsoft Visual Studio Solution File, Format Version 12.00
# Visual Studio Version 17
VisualStudioVersion = 17.5.002.0
MinimumVisualStudioVersion = 10.0.40219.1
Project("{2150E333-8FDC-42A3-9474-1A3956D46DE8}") = "Lesson", "Lesson", "{BB998EE2-A4E9-4022-82CD-369F1E58F7E5}"
EndProject
Project("{2150E333-8FDC-42A3-9474-1A3956D46DE8}") = "Lesson1", "Lesson1", "{7A2E64AA-7D44-4792-95A1-AF79CC32067A}"
EndProject
Project("{9A19103F-16F7-4668-BE54-9A1E7A4F7556}") = "Task1", "Lesson\Lesson1\Task1\Task1.csproj", "{CF224B0F-4028-424C-ACAF-3AF878ED2FAD}"
EndProject
Project("{9A19103F-16F7-4668-BE54-9A1E7A4F7556}") = "Task2", "Lesson\Lesson1\Task2\Task2.csproj", "{1D674C83-7BAC-467D-B1B1-E40EFA4F2B7E}"
EndProject
Project("{9A19103F-16F7-4668-BE54-9A1E7A4F7556}") = "Task3", "Lesson\Lesson1\Task3\Task3.csproj", "{6367D377-33C2-4125-9EC7-43E145982909}"
EndProject
Project("{9A19103F-16F7-4668-BE54-9A1E7A4F7556}") = "Task4", "Lesson\Lesson1\Task4\Task4.csproj", "{54277028-E12E-4FD4-8501-ADAFEBE5E31C}"
EndProject
Project("{9A19103F-16F7-4668-BE54-9A1E7A4F7556}") = "Task5", "Lesson\Lesson1\Task5\Task5.csproj", "{6F7A479D-B6D0-4B8E-BC39-9820B3C68DCA}"
EndProject
Project("{2150E333-8FDC-42A3-9474-1A3956D46DE8}") = "Seminar", "Seminar", "{41CE8253-9BEB-45D4-B5DE-1D6FA83537E7}"
EndProject
Project("{2150E333-8FDC-42A3-9474-1A3956D46DE8}") = "Seminar1", "Seminar1", "{4232854B-A764-42D0-BFC2-32DDCF243215}"
EndProject
Project("{9A19103F-16F7-4668-BE54-9A1E7A4F7556}") = "Task1", "Seminar\Seminar1\Task1\Task1.csproj", "{5249F698-6288-4EE5-9454-3071B264CA77}"
EndProject
Project("{2150E333-8FDC-42A3-9474-1A3956D46DE8}") = "Seminar2", "Seminar2", "{D26B7D9D-0EF0-42CA-9FD2-225CA1A021A7}"
EndProject
Project("{9A19103F-16F7-4668-BE54-9A1E7A4F7556}") = "Task1", "Seminar\Seminar2\Task1\Task1.csproj", "{8819A3F8-C365-4EAA-8B2A-64A512589ED3}"
EndProject
Global
	GlobalSection(SolutionConfigurationPlatforms) = preSolution
		Debug|Any CPU = Debug|Any CPU
		Release|Any CPU = Release|Any CPU
	EndGlobalSection
	GlobalSection(ProjectConfigurationPlatforms) = postSolution
		{CF224B0F-4028-424C-ACAF-3AF878ED2FAD}.Debug|Any CPU.ActiveCfg = Debug|Any CPU
		{CF224B0F-4028-424C-ACAF-3AF878ED2FAD}.Debug|Any CPU.Build.0 = Debug|Any CPU
		{CF224B0F-4028-424C-ACAF-3AF878ED2FAD}.Release|Any CPU.ActiveCfg = Release|Any CPU
		{CF224B0F-4028-424C-ACAF-3AF878ED2FAD}.Release|Any CPU.Build.0 = Release|Any CPU
		{1D674C83-7BAC-467D-B1B1-E40EFA4F2B7E}.Debug|Any CPU.ActiveCfg = Debug|Any CPU
		{1D674C83-7BAC-467D-B1B1-E40EFA4F2B7E}.Debug|Any CPU.Build.0 = Debug|Any CPU
		{1D674C83-7BAC-467D-B1B1-E40EFA4F2B7E}.Release|Any CPU.ActiveCfg = Release|Any CPU
		{1D674C83-7BAC-467D-B1B1-E40EFA4F2B7E}.Release|Any CPU.Build.0 = Release|Any CPU
		{6367D377-33C2-4125-9EC7-43E145982909}.Debug|Any CPU.ActiveCfg = Debug|Any CPU
		{6367D377-33C2-4125-9EC7-43E145982909}.Debug|Any CPU.Build.0 = Debug|Any CPU
		{6367D377-33C2-4125-9EC7-43E145982909}.Release|Any CPU.ActiveCfg = Release|Any CPU
		{6367D377-33C2-4125-9EC7-43E145982909}.Release|Any CPU.Build.0 = Release|Any CPU
		{54277028-E12E-4FD4-8501-ADAFEBE5E31C}.Debug|Any CPU.ActiveCfg = Debug|Any CPU
		{54277028-E12E-4FD4-8501-ADAFEBE5E31C}.Debug|Any CPU.Build.0 = Debug|Any CPU
		{54277028-E12E-4FD4-8501-ADAFEBE5E31C}.Release|Any CPU.ActiveCfg = Release|Any CPU
		{54277028-E12E-4FD4-8501-ADAFEBE5E31C}.Release|Any CPU.Build.0 = Release|Any CPU
		{6F7A479D-B6D0-4B8E-BC39-9820B3C68DCA}.Debug|Any CPU.ActiveCfg = Debug|Any CPU
		{6F7A479D-B6D0-4B8E-BC39-9820B3C68DCA}.Debug|Any CPU.Build.0 = Debug|Any CPU
		{6F7A479D-B6D0-4B8E-BC39-9820B3C68DCA}.Release|Any CPU.ActiveCfg = Release|Any CPU
		{6F7A479D-B6D0-4B8E-BC39-9820B3C68DCA}.Release|Any CPU.Build.0 = Release|Any CPU
		{5249F698-6288-4EE5-9454-3071B264CA77}.Debug|Any CPU.ActiveCfg = Debug|Any CPU
		{5249F698-6288-4EE5-9454-3071B264CA77}.Debug|Any CPU.Build.0 = Debug|Any CPU
		{5249F698-6288-4EE5-9454-3071B264CA77}.Release|Any CPU.ActiveCfg = Release|Any CPU
		{5249F698-6288-4EE5-9454-3071B264CA77}.Release|Any CPU.Build.0 = Release|Any CPU
		{8819A3F8-C365-4EAA-8B2A-64A512589ED3}.Debug|Any CPU.ActiveCfg = Debug|Any CPU
		{8819A3F8-C365-4EAA-8B2A-64A512589ED3}.Debug|Any CPU.Build.0 = Debug|Any CPU
		{8819A3F8-C365-4EAA-8B2A-64A512589ED3}.Release|Any CPU.ActiveCfg = Release|Any CPU
		{8819A3F8-C365-4EAA-8B2A-64A512589ED3}.Release|Any CPU.Build.0 = Release|Any CPU
	EndGlobalSection
	GlobalSection(SolutionProperties) = preSolution
		HideSolutionNode = FALSE
	EndGlobalSection
	GlobalSection(NestedProjects) = preSolution
		{7A2E64AA-7D44-4792-95A1-AF79CC32067A} = {BB998EE2-A4E9-4022-82CD-369F1E58F7E5}
		{CF224B0F-4028-424C-ACAF-3AF878ED2FAD} = {7A2E64AA-7D44-4792-95A1-AF79CC32067A}
		{1D674C83-7BAC-467D-B1B1-E40EFA4F2B7E} = {7A2E64AA-7D44-4792-95A1-AF79CC32067A}
		{6367D377-33C2-4125-9EC7-43E145982909} = {7A2E64AA-7D44-4792-95A1-AF79CC32067A}
		{54277028-E12E-4FD4-8501-ADAFEBE5E31C} = {7A2E64AA-7D44-4792-95A1-AF79CC32067A}
		{6F7A479D-B6D0-4B8E-BC39-9820B3C68DCA} = {7A2E64AA-7D44-4792-95A1-AF79CC32067A}
		{4232854B-A764-42D0-BFC2-32DDCF243215} = {41CE8253-9BEB-45D4-B5DE-1D6FA83537E7}
		{5249F698-6288-4EE5-9454-3071B264CA77} = {4232854B-A764-42D0-BFC2-32DDCF243215}
		{D26B7D9D-0EF0-42CA-9FD2-225CA1A021A7} = {41CE8253-9BEB-45D4-B5DE-1D6FA83537E7}
		{8819A3F8-C365-4EAA-8B2A-64A512589ED3} = {D26B7D9D-0EF0-42CA-9FD2-225CA1A021A7}
	EndGlobalSection
	GlobalSection(ExtensibilityGlobals) = postSolution
		SolutionGuid = {56F4CDFD-EEB6-4303-BE59-507765B3C6EC}
	EndGlobalSection
EndGlobal
