
Microsoft Visual Studio Solution File, Format Version 12.00
# Visual Studio Version 17
VisualStudioVersion = 17.5.002.0
MinimumVisualStudioVersion = 10.0.40219.1
Project("{2150E333-8FDC-42A3-9474-1A3956D46DE8}") = "Lesson1", "Lesson1", "{56D40CD4-88D4-4972-A3F9-5C9AED3411C2}"
EndProject
Project("{9A19103F-16F7-4668-BE54-9A1E7A4F7556}") = "Task1", "Lesson1\Task1\Task1.csproj", "{ACCE727A-1675-49A3-9302-8540D61F7E97}"
EndProject
Project("{9A19103F-16F7-4668-BE54-9A1E7A4F7556}") = "Task2", "Lesson1\Task2\Task2.csproj", "{C8019E78-EBD9-4F37-86E6-2F45E1768115}"
EndProject
Project("{9A19103F-16F7-4668-BE54-9A1E7A4F7556}") = "Task3", "Lesson1\Task3\Task3.csproj", "{9FF3A556-8C7B-4A01-851E-D1DB1407594B}"
EndProject
Project("{9A19103F-16F7-4668-BE54-9A1E7A4F7556}") = "Task4", "Lesson1\Task4\Task4.csproj", "{58DA9AC7-748A-4B44-840A-CF6607590477}"
EndProject
Project("{9A19103F-16F7-4668-BE54-9A1E7A4F7556}") = "Task5", "Lesson1\Task5\Task5.csproj", "{8ABCFEA9-F460-4510-82DD-49CF8E1CEA0F}"
EndProject
Global
	GlobalSection(SolutionConfigurationPlatforms) = preSolution
		Debug|Any CPU = Debug|Any CPU
		Release|Any CPU = Release|Any CPU
	EndGlobalSection
	GlobalSection(ProjectConfigurationPlatforms) = postSolution
		{ACCE727A-1675-49A3-9302-8540D61F7E97}.Debug|Any CPU.ActiveCfg = Debug|Any CPU
		{ACCE727A-1675-49A3-9302-8540D61F7E97}.Debug|Any CPU.Build.0 = Debug|Any CPU
		{ACCE727A-1675-49A3-9302-8540D61F7E97}.Release|Any CPU.ActiveCfg = Release|Any CPU
		{ACCE727A-1675-49A3-9302-8540D61F7E97}.Release|Any CPU.Build.0 = Release|Any CPU
		{C8019E78-EBD9-4F37-86E6-2F45E1768115}.Debug|Any CPU.ActiveCfg = Debug|Any CPU
		{C8019E78-EBD9-4F37-86E6-2F45E1768115}.Debug|Any CPU.Build.0 = Debug|Any CPU
		{C8019E78-EBD9-4F37-86E6-2F45E1768115}.Release|Any CPU.ActiveCfg = Release|Any CPU
		{C8019E78-EBD9-4F37-86E6-2F45E1768115}.Release|Any CPU.Build.0 = Release|Any CPU
		{9FF3A556-8C7B-4A01-851E-D1DB1407594B}.Debug|Any CPU.ActiveCfg = Debug|Any CPU
		{9FF3A556-8C7B-4A01-851E-D1DB1407594B}.Debug|Any CPU.Build.0 = Debug|Any CPU
		{9FF3A556-8C7B-4A01-851E-D1DB1407594B}.Release|Any CPU.ActiveCfg = Release|Any CPU
		{9FF3A556-8C7B-4A01-851E-D1DB1407594B}.Release|Any CPU.Build.0 = Release|Any CPU
		{58DA9AC7-748A-4B44-840A-CF6607590477}.Debug|Any CPU.ActiveCfg = Debug|Any CPU
		{58DA9AC7-748A-4B44-840A-CF6607590477}.Debug|Any CPU.Build.0 = Debug|Any CPU
		{58DA9AC7-748A-4B44-840A-CF6607590477}.Release|Any CPU.ActiveCfg = Release|Any CPU
		{58DA9AC7-748A-4B44-840A-CF6607590477}.Release|Any CPU.Build.0 = Release|Any CPU
		{8ABCFEA9-F460-4510-82DD-49CF8E1CEA0F}.Debug|Any CPU.ActiveCfg = Debug|Any CPU
		{8ABCFEA9-F460-4510-82DD-49CF8E1CEA0F}.Debug|Any CPU.Build.0 = Debug|Any CPU
		{8ABCFEA9-F460-4510-82DD-49CF8E1CEA0F}.Release|Any CPU.ActiveCfg = Release|Any CPU
		{8ABCFEA9-F460-4510-82DD-49CF8E1CEA0F}.Release|Any CPU.Build.0 = Release|Any CPU
	EndGlobalSection
	GlobalSection(SolutionProperties) = preSolution
		HideSolutionNode = FALSE
	EndGlobalSection
	GlobalSection(NestedProjects) = preSolution
		{ACCE727A-1675-49A3-9302-8540D61F7E97} = {56D40CD4-88D4-4972-A3F9-5C9AED3411C2}
		{C8019E78-EBD9-4F37-86E6-2F45E1768115} = {56D40CD4-88D4-4972-A3F9-5C9AED3411C2}
		{9FF3A556-8C7B-4A01-851E-D1DB1407594B} = {56D40CD4-88D4-4972-A3F9-5C9AED3411C2}
		{58DA9AC7-748A-4B44-840A-CF6607590477} = {56D40CD4-88D4-4972-A3F9-5C9AED3411C2}
		{8ABCFEA9-F460-4510-82DD-49CF8E1CEA0F} = {56D40CD4-88D4-4972-A3F9-5C9AED3411C2}
	EndGlobalSection
	GlobalSection(ExtensibilityGlobals) = postSolution
		SolutionGuid = {C513A7C1-9E82-4AEC-B7D8-C136EB064D79}
	EndGlobalSection
EndGlobal
